Microsoft Visual Studio Solution File, Format Version 11.00
# Visual Studio 2008

Project("{E3DE211A-6F6C-6F7A-C137-77DE9B2AD126}") = "Ghost-Note-master", "Assembly-CSharp-firstpass-vs.csproj", "{E43D7BF9-E0A5-3F31-2F9F-C7EC11B18B91}"
EndProject
Project("{E3DE211A-6F6C-6F7A-C137-77DE9B2AD126}") = "Ghost-Note-master", "Assembly-CSharp-vs.csproj", "{BC243301-7714-3410-97BA-1D90E8823368}"
EndProject
Project("{E3DE211A-6F6C-6F7A-C137-77DE9B2AD126}") = "Ghost-Note-master", "Assembly-CSharp-Editor-vs.csproj", "{2EB3DFA7-CF1B-6B3B-6788-77C0682AA8C8}"
EndProject
Global
	GlobalSection(SolutionConfigurationPlatforms) = preSolution
		Debug|Any CPU = Debug|Any CPU
		Release|Any CPU = Release|Any CPU
	EndGlobalSection
	GlobalSection(ProjectConfigurationPlatforms) = postSolution
		{E43D7BF9-E0A5-3F31-2F9F-C7EC11B18B91}.Debug|Any CPU.ActiveCfg = Debug|Any CPU
		{E43D7BF9-E0A5-3F31-2F9F-C7EC11B18B91}.Debug|Any CPU.Build.0 = Debug|Any CPU
		{E43D7BF9-E0A5-3F31-2F9F-C7EC11B18B91}.Release|Any CPU.ActiveCfg = Release|Any CPU
		{E43D7BF9-E0A5-3F31-2F9F-C7EC11B18B91}.Release|Any CPU.Build.0 = Release|Any CPU
		{BC243301-7714-3410-97BA-1D90E8823368}.Debug|Any CPU.ActiveCfg = Debug|Any CPU
		{BC243301-7714-3410-97BA-1D90E8823368}.Debug|Any CPU.Build.0 = Debug|Any CPU
		{BC243301-7714-3410-97BA-1D90E8823368}.Release|Any CPU.ActiveCfg = Release|Any CPU
		{BC243301-7714-3410-97BA-1D90E8823368}.Release|Any CPU.Build.0 = Release|Any CPU
		{2EB3DFA7-CF1B-6B3B-6788-77C0682AA8C8}.Debug|Any CPU.ActiveCfg = Debug|Any CPU
		{2EB3DFA7-CF1B-6B3B-6788-77C0682AA8C8}.Debug|Any CPU.Build.0 = Debug|Any CPU
		{2EB3DFA7-CF1B-6B3B-6788-77C0682AA8C8}.Release|Any CPU.ActiveCfg = Release|Any CPU
		{2EB3DFA7-CF1B-6B3B-6788-77C0682AA8C8}.Release|Any CPU.Build.0 = Release|Any CPU
	EndGlobalSection
	GlobalSection(SolutionProperties) = preSolution
		HideSolutionNode = FALSE
	EndGlobalSection
						GlobalSection(MonoDevelopProperties) = preSolution
		StartupItem = Assembly-CSharp.csproj
		Policies = $0
		$0.TextStylePolicy = $1
		$1.inheritsSet = null
		$1.scope = text/x-csharp
		$0.CSharpFormattingPolicy = $2
		$2.inheritsSet = Mono
		$2.inheritsScope = text/x-csharp
		$2.scope = text/x-csharp
		$0.TextStylePolicy = $3
		$3.FileWidth = 120
		$3.TabWidth = 4
		$3.IndentWidth = 4
		$3.EolMarker = Unix
		$3.inheritsSet = Mono
		$3.inheritsScope = text/plain
		$3.scope = text/plain
	EndGlobalSection

EndGlobal
